# THIS IS AN AUTOGENERATED FILE. DO NOT EDIT THIS FILE DIRECTLY.
# yarn lockfile v1


"@sentry/core@6.14.3":
  version "6.14.3"
  resolved "https://registry.yarnpkg.com/@sentry/core/-/core-6.14.3.tgz#42d255c1a8838e8f9d122b823ba5ff5c27803537"
  integrity sha512-3yHmYZzkXlOqPi/CGlNhb2RzXFvYAryBhrMJV26KJ9ULJF8r4OJ7TcWlupDooGk6Knmq8GQML58OApUvYi8IKg==
  dependencies:
    "@sentry/hub" "6.14.3"
    "@sentry/minimal" "6.14.3"
    "@sentry/types" "6.14.3"
    "@sentry/utils" "6.14.3"
    tslib "^1.9.3"

"@sentry/hub@6.14.3":
  version "6.14.3"
  resolved "https://registry.yarnpkg.com/@sentry/hub/-/hub-6.14.3.tgz#f6e84e561a4aff1a4447927356fea541465364c1"
  integrity sha512-ZRWLHcAcv4oZAbpSwvCkXlaa1rVFDxcb9lxo5/5v5n6qJq2IG5Z+bXuT2DZlIHQmuCuqRnFSwuBjmBXY7OTHaw==
  dependencies:
    "@sentry/types" "6.14.3"
    "@sentry/utils" "6.14.3"
    tslib "^1.9.3"

"@sentry/minimal@6.14.3":
  version "6.14.3"
  resolved "https://registry.yarnpkg.com/@sentry/minimal/-/minimal-6.14.3.tgz#f3a5b062bdc578000689fd0b31abbb994e6b81f3"
  integrity sha512-2KNOJuhBpMICoOgdxX56UcO9vGdxCw5mNGYdWvJdKrMwRQr7mC+Fc9lTuTbrYTj6zkfklj2lbdDc3j44Rg787A==
  dependencies:
    "@sentry/hub" "6.14.3"
    "@sentry/types" "6.14.3"
    tslib "^1.9.3"

"@sentry/node@^6.14.3":
  version "6.14.3"
  resolved "https://registry.yarnpkg.com/@sentry/node/-/node-6.14.3.tgz#f19f22f6b73242c0dbda204f8da2e72e38067b65"
  integrity sha512-b7NjMdqpDOTxV0hiR90jlK52i9cTdAJgGjQykGFyBDf7rTGDohyEYsERgJ5+/VC3Inan/P3m12PctWA/TMwZCw==
  dependencies:
    "@sentry/core" "6.14.3"
    "@sentry/hub" "6.14.3"
    "@sentry/tracing" "6.14.3"
    "@sentry/types" "6.14.3"
    "@sentry/utils" "6.14.3"
    cookie "^0.4.1"
    https-proxy-agent "^5.0.0"
    lru_map "^0.3.3"
    tslib "^1.9.3"

"@sentry/tracing@6.14.3":
  version "6.14.3"
  resolved "https://registry.yarnpkg.com/@sentry/tracing/-/tracing-6.14.3.tgz#0223d365ea0c7d3f7c90cb17ea84c4874bc9ef52"
  integrity sha512-laFayAxpO/dQL3K3ZcSjtaqJkSf70DH1hHJ8Oiiic0c/xBxh38WSx8yu3TMrbfka5MVIuMNlkq1Gi+SC+moe4w==
  dependencies:
    "@sentry/hub" "6.14.3"
    "@sentry/minimal" "6.14.3"
    "@sentry/types" "6.14.3"
    "@sentry/utils" "6.14.3"
    tslib "^1.9.3"

"@sentry/types@6.14.3":
  version "6.14.3"
  resolved "https://registry.yarnpkg.com/@sentry/types/-/types-6.14.3.tgz#4af799df7ddfa2702a46bffabc3f1b6eb195de23"
  integrity sha512-GuyqvjQ/N0hIgAjGD1Rn0aQ8kpLBBsImk+Aoh7YFhnvXRhCNkp9N8BuXTfC/uMdMshcWa1OFik/udyjdQM3EJA==

"@sentry/utils@6.14.3":
  version "6.14.3"
  resolved "https://registry.yarnpkg.com/@sentry/utils/-/utils-6.14.3.tgz#4ae907054152882fbd376906695ac326934669d1"
  integrity sha512-jsCnclEsR2sV9aHMuaLA5gvxSa0xV4Sc6IJCJ81NTTdb/A5fFbteFBbhuISGF9YoFW1pwbpjuTA6+efXwvLwNQ==
  dependencies:
    "@sentry/types" "6.14.3"
    tslib "^1.9.3"

agent-base@6:
  version "6.0.2"
  resolved "https://registry.yarnpkg.com/agent-base/-/agent-base-6.0.2.tgz#49fff58577cfee3f37176feab4c22e00f86d7f77"
  integrity sha512-RZNwNclF7+MS/8bDg70amg32dyeZGZxiDuQmZxKLAlQjr3jGyLx+4Kkk58UO7D2QdgFIQCovuSuZESne6RG6XQ==
  dependencies:
    debug "4"

atomic-sleep@^1.0.0:
  version "1.0.0"
  resolved "https://registry.yarnpkg.com/atomic-sleep/-/atomic-sleep-1.0.0.tgz#eb85b77a601fc932cfe432c5acd364a9e2c9075b"
  integrity sha512-kNOjDqAh7px0XWNI+4QbzoiR/nTkHAWNud2uvnJquD1/x5a7EQZMJT0AczqK0Qn67oY/TTQ1LbUKajZpp3I9tQ==

cookie@^0.4.1:
  version "0.4.1"
  resolved "https://registry.yarnpkg.com/cookie/-/cookie-0.4.1.tgz#afd713fe26ebd21ba95ceb61f9a8116e50a537d1"
  integrity sha512-ZwrFkGJxUR3EIoXtO+yVE69Eb7KlixbaeAWfBQB9vVsNn/o+Yw69gBWSSDK825hQNdN+wF8zELf3dFNl/kxkUA==

debug@4:
  version "4.3.4"
  resolved "https://registry.yarnpkg.com/debug/-/debug-4.3.4.tgz#1319f6579357f2338d3337d2cdd4914bb5dcc865"
  integrity sha512-PRWFHuSU3eDtQJPvnNY7Jcket1j0t5OuOsFzPPzsekD52Zl8qUfFIPEiswXqIvHWGVHOgX+7G/vCNNhehwxfkQ==
  dependencies:
    ms "2.1.2"

duplexify@^4.1.2:
  version "4.1.2"
  resolved "https://registry.yarnpkg.com/duplexify/-/duplexify-4.1.2.tgz#18b4f8d28289132fa0b9573c898d9f903f81c7b0"
  integrity sha512-fz3OjcNCHmRP12MJoZMPglx8m4rrFP8rovnk4vT8Fs+aonZoCwGg10dSsQsfP/E62eZcPTMSMP6686fu9Qlqtw==
  dependencies:
    end-of-stream "^1.4.1"
    inherits "^2.0.3"
    readable-stream "^3.1.1"
    stream-shift "^1.0.0"

end-of-stream@^1.4.1:
  version "1.4.4"
  resolved "https://registry.yarnpkg.com/end-of-stream/-/end-of-stream-1.4.4.tgz#5ae64a5f45057baf3626ec14da0ca5e4b2431eb0"
  integrity sha512-+uw1inIHVPQoaVuHzRyXd21icM+cnt4CzD5rW+NC1wjOUSTOs+Te7FOv7AhN7vS9x/oIyhLP5PR1H+phQAHu5Q==
  dependencies:
    once "^1.4.0"

fast-redact@^3.0.0:
  version "3.0.2"
  resolved "https://registry.yarnpkg.com/fast-redact/-/fast-redact-3.0.2.tgz#c940ba7162dde3aeeefc522926ae8c5231412904"
  integrity sha512-YN+CYfCVRVMUZOUPeinHNKgytM1wPI/C/UCLEi56EsY2dwwvI00kIJHJoI7pMVqGoMew8SMZ2SSfHKHULHXDsg==

fastify-warning@^0.2.0:
  version "0.2.0"
  resolved "https://registry.yarnpkg.com/fastify-warning/-/fastify-warning-0.2.0.tgz#e717776026a4493dc9a2befa44db6d17f618008f"
  integrity sha512-s1EQguBw/9qtc1p/WTY4eq9WMRIACkj+HTcOIK1in4MV5aFaQC9ZCIt0dJ7pr5bIf4lPpHvAtP2ywpTNgs7hqw==

get-caller-file@^2.0.5:
  version "2.0.5"
  resolved "https://registry.yarnpkg.com/get-caller-file/-/get-caller-file-2.0.5.tgz#4f94412a82db32f36e3b0b9741f8a97feb031f7e"
  integrity sha512-DyFP3BM/3YHTQOCUL/w0OZHR0lpKeGrxotcHWcqNEdnltqFwXVfhEBQ94eIo34AfQpo0rGki4cyIiftY06h2Fg==

https-proxy-agent@^5.0.0:
  version "5.0.0"
  resolved "https://registry.yarnpkg.com/https-proxy-agent/-/https-proxy-agent-5.0.0.tgz#e2a90542abb68a762e0a0850f6c9edadfd8506b2"
  integrity sha512-EkYm5BcKUGiduxzSt3Eppko+PiNWNEpa4ySk9vTC6wDsQJW9rHSa+UhGNJoRYp7bz6Ht1eaRIa6QaJqO5rCFbA==
  dependencies:
    agent-base "6"
    debug "4"

inherits@^2.0.3:
  version "2.0.4"
  resolved "https://registry.yarnpkg.com/inherits/-/inherits-2.0.4.tgz#0fa2c64f932917c3433a0ded55363aae37416b7c"
  integrity sha512-k/vGaX4/Yla3WzyMCvTQOXYeIHvqOKtnqBduzTHpzpQZzAskKMhZ2K+EnBiSM9zGSoIFeMpXKxa4dYeZIQqewQ==

lru_map@^0.3.3:
  version "0.3.3"
  resolved "https://registry.yarnpkg.com/lru_map/-/lru_map-0.3.3.tgz#b5c8351b9464cbd750335a79650a0ec0e56118dd"
  integrity sha1-tcg1G5Rky9dQM1p5ZQoOwOVhGN0=

ms@2.1.2:
  version "2.1.2"
  resolved "https://registry.yarnpkg.com/ms/-/ms-2.1.2.tgz#d09d1f357b443f493382a8eb3ccd183872ae6009"
  integrity sha512-sGkPx+VjMtmA6MX27oA4FBFELFCZZ4S4XqeGOXCv68tT+jb3vk/RyaKWP0PTKyWtmLSM0b+adUTEvbs1PEaH2w==

on-exit-leak-free@^0.2.0:
  version "0.2.0"
  resolved "https://registry.yarnpkg.com/on-exit-leak-free/-/on-exit-leak-free-0.2.0.tgz#b39c9e3bf7690d890f4861558b0d7b90a442d209"
  integrity sha512-dqaz3u44QbRXQooZLTUKU41ZrzYrcvLISVgbrzbyCMxpmSLJvZ3ZamIJIZ29P6OhZIkNIQKosdeM6t1LYbA9hg==

once@^1.4.0:
  version "1.4.0"
  resolved "https://registry.yarnpkg.com/once/-/once-1.4.0.tgz#583b1aa775961d4b113ac17d9c50baef9dd76bd1"
  integrity sha1-WDsap3WWHUsROsF9nFC6753Xa9E=
  dependencies:
    wrappy "1"

pino-abstract-transport@v0.5.0:
  version "0.5.0"
  resolved "https://registry.yarnpkg.com/pino-abstract-transport/-/pino-abstract-transport-0.5.0.tgz#4b54348d8f73713bfd14e3dc44228739aa13d9c0"
  integrity sha512-+KAgmVeqXYbTtU2FScx1XS3kNyfZ5TrXY07V96QnUSFqo2gAqlvmaxH67Lj7SWazqsMabf+58ctdTcBgnOLUOQ==
  dependencies:
    duplexify "^4.1.2"
    split2 "^4.0.0"

pino-std-serializers@^4.0.0:
  version "4.0.0"
  resolved "https://registry.yarnpkg.com/pino-std-serializers/-/pino-std-serializers-4.0.0.tgz#1791ccd2539c091ae49ce9993205e2cd5dbba1e2"
  integrity sha512-cK0pekc1Kjy5w9V2/n+8MkZwusa6EyyxfeQCB799CQRhRt/CqYKiWs5adeu8Shve2ZNffvfC/7J64A2PJo1W/Q==

pino@^7.2.0:
  version "7.2.0"
  resolved "https://registry.yarnpkg.com/pino/-/pino-7.2.0.tgz#73cf31d71466d7f8158555eafdb1b9e226d33241"
  integrity sha512-85EiMfTy2E7S+QSHgaN7oCfnfgxv/8PxG6Yf+CRXUZbRL+Rb9qHQAEATLubjJMSl3RvfrTKNkAP3D2hNNx41Aw==
  dependencies:
    fast-redact "^3.0.0"
    fastify-warning "^0.2.0"
    get-caller-file "^2.0.5"
    on-exit-leak-free "^0.2.0"
    pino-abstract-transport v0.5.0
    pino-std-serializers "^4.0.0"
    quick-format-unescaped "^4.0.3"
    real-require "^0.1.0"
    safe-stable-stringify "^2.1.0"
    sonic-boom "^2.2.1"
    thread-stream "^0.13.0"

quick-format-unescaped@^4.0.3:
  version "4.0.4"
  resolved "https://registry.yarnpkg.com/quick-format-unescaped/-/quick-format-unescaped-4.0.4.tgz#93ef6dd8d3453cbc7970dd614fad4c5954d6b5a7"
  integrity sha512-tYC1Q1hgyRuHgloV/YXs2w15unPVh8qfu/qCTfhTYamaw7fyhumKa2yGpdSo87vY32rIclj+4fWYQXUMs9EHvg==

readable-stream@^3.1.1:
  version "3.6.0"
  resolved "https://registry.yarnpkg.com/readable-stream/-/readable-stream-3.6.0.tgz#337bbda3adc0706bd3e024426a286d4b4b2c9198"
  integrity sha512-BViHy7LKeTz4oNnkcLJ+lVSL6vpiFeX6/d3oSH8zCW7UxP2onchk+vTGB143xuFjHS3deTgkKoXXymXqymiIdA==
  dependencies:
    inherits "^2.0.3"
    string_decoder "^1.1.1"
    util-deprecate "^1.0.1"

real-require@^0.1.0:
  version "0.1.0"
  resolved "https://registry.yarnpkg.com/real-require/-/real-require-0.1.0.tgz#736ac214caa20632847b7ca8c1056a0767df9381"
  integrity sha512-r/H9MzAWtrv8aSVjPCMFpDMl5q66GqtmmRkRjpHTsp4zBAa+snZyiQNlMONiUmEJcsnaw0wCauJ2GWODr/aFkg==

safe-buffer@~5.2.0:
  version "5.2.1"
  resolved "https://registry.yarnpkg.com/safe-buffer/-/safe-buffer-5.2.1.tgz#1eaf9fa9bdb1fdd4ec75f58f9cdb4e6b7827eec6"
  integrity sha512-rp3So07KcdmmKbGvgaNxQSJr7bGVSVk5S9Eq1F+ppbRo70+YeaDxkw5Dd8NPN+GD6bjnYm2VuPuCXmpuYvmCXQ==

safe-stable-stringify@^2.1.0:
  version "2.2.0"
  resolved "https://registry.yarnpkg.com/safe-stable-stringify/-/safe-stable-stringify-2.2.0.tgz#26a52f13a6988de16a0d88e20248f38e8a7d840c"
  integrity sha512-C6AuMdYPuPV/P1leplHNu0lgc2LAElq/g3TdoksDCIVtBhr78o/CH03bt/9SKqugFbKU9CUjsNlCu0fjtQzQUw==

sonic-boom@^2.2.1:
  version "2.3.1"
  resolved "https://registry.yarnpkg.com/sonic-boom/-/sonic-boom-2.3.1.tgz#e6572184fb3adf145dbfeccff48141bbd1009e4c"
  integrity sha512-o0vJPsRiCW5Q0EmRKjNiiYGy2DqSXcxk4mY9vIBSPwmkH/e/vJ2Tq8EECd5NTiO77x8vlVN+ykDjRQJTqf7eKg==
  dependencies:
    atomic-sleep "^1.0.0"

split2@^4.0.0:
  version "4.1.0"
  resolved "https://registry.yarnpkg.com/split2/-/split2-4.1.0.tgz#101907a24370f85bb782f08adaabe4e281ecf809"
  integrity sha512-VBiJxFkxiXRlUIeyMQi8s4hgvKCSjtknJv/LVYbrgALPwf5zSKmEwV9Lst25AkvMDnvxODugjdl6KZgwKM1WYQ==

stream-shift@^1.0.0:
  version "1.0.1"
  resolved "https://registry.yarnpkg.com/stream-shift/-/stream-shift-1.0.1.tgz#d7088281559ab2778424279b0877da3c392d5a3d"
  integrity sha512-AiisoFqQ0vbGcZgQPY1cdP2I76glaVA/RauYR4G4thNFgkTqr90yXTo4LYX60Jl+sIlPNHHdGSwo01AvbKUSVQ==

string_decoder@^1.1.1:
  version "1.3.0"
  resolved "https://registry.yarnpkg.com/string_decoder/-/string_decoder-1.3.0.tgz#42f114594a46cf1a8e30b0a84f56c78c3edac21e"
  integrity sha512-hkRX8U1WjJFd8LsDJ2yQ/wWWxaopEsABU1XfkM8A+j0+85JAGppt16cr1Whg6KIbb4okU6Mql6BOj+uup/wKeA==
  dependencies:
    safe-buffer "~5.2.0"

thread-stream@^0.13.0:
  version "0.13.0"
  resolved "https://registry.yarnpkg.com/thread-stream/-/thread-stream-0.13.0.tgz#c68054bdea250c5d8d400caa3233a150d5461cca"
  integrity sha512-kTMZeX4Dzlb1zZ00/01aerGaTw2i8NE4sWF0TvF1uXewRhCiUjCvatQkvxIvFqauWG2ADFS2Wpd3qBeYL9i3dg==
  dependencies:
    real-require "^0.1.0"

tslib@^1.9.3:
  version "1.11.1"
  resolved "https://registry.yarnpkg.com/tslib/-/tslib-1.11.1.tgz#eb15d128827fbee2841549e171f45ed338ac7e35"
  integrity sha512-aZW88SY8kQbU7gpV19lN24LtXh/yD4ZZg6qieAJDDg+YBsJcSmLGK9QpnUjAKVG/xefmvJGd1WUmfpT/g6AJGA==

util-deprecate@^1.0.1:
  version "1.0.2"
  resolved "https://registry.yarnpkg.com/util-deprecate/-/util-deprecate-1.0.2.tgz#450d4dc9fa70de732762fbd2d4a28981419a0ccf"
  integrity sha1-RQ1Nyfpw3nMnYvvS1KKJgUGaDM8=

wrappy@1:
  version "1.0.2"
  resolved "https://registry.yarnpkg.com/wrappy/-/wrappy-1.0.2.tgz#b5243d8f3ec1aa35f1364605bc0d1036e30ab69f"
  integrity sha1-tSQ9jz7BqjXxNkYFvA0QNuMKtp8=
